# This file is generated by running "yarn install" inside your project.
# Manual changes might be lost - proceed with caution!

__metadata:
  version: 8
  cacheKey: 10c0

"@acemir/cssom@npm:^0.9.31":
  version: 0.9.31
  resolution: "@acemir/cssom@npm:0.9.31"
  checksum: 10c0/cbfff98812642104ec3b37de1ad3a53f216ddc437e7b9276a23f46f2453844ea3c3f46c200bc4656a2f747fb26567560b3cc5183d549d119a758926551b5f566
  languageName: node
  linkType: hard

"@adobe/css-tools@npm:^4.4.0":
  version: 4.4.4
  resolution: "@adobe/css-tools@npm:4.4.4"
  checksum: 10c0/8f3e6cfaa5e6286e6f05de01d91d060425be2ebaef490881f5fe6da8bbdb336835c5d373ea337b0c3b0a1af4be048ba18780f0f6021d30809b4545922a7e13d9
  languageName: node
  linkType: hard

"@asamuzakjp/css-color@npm:^4.1.2":
  version: 4.1.2
  resolution: "@asamuzakjp/css-color@npm:4.1.2"
  dependencies:
    "@csstools/css-calc": "npm:^3.0.0"
    "@csstools/css-color-parser": "npm:^4.0.1"
    "@csstools/css-parser-algorithms": "npm:^4.0.0"
    "@csstools/css-tokenizer": "npm:^4.0.0"
    lru-cache: "npm:^11.2.5"
  checksum: 10c0/e432fdef978b37654a2ca31169a149b9173e708f70c82612acb123a36dbc7dd99913c48cbf2edd6fe3652cc627d4bc94bf87571463da0b788f15b973d4ce5b0f
  languageName: node
  linkType: hard

"@asamuzakjp/dom-selector@npm:^6.8.1":
  version: 6.8.1
  resolution: "@asamuzakjp/dom-selector@npm:6.8.1"
  dependencies:
    "@asamuzakjp/nwsapi": "npm:^2.3.9"
    bidi-js: "npm:^1.0.3"
    css-tree: "npm:^3.1.0"
    is-potential-custom-element-name: "npm:^1.0.1"
    lru-cache: "npm:^11.2.6"
  checksum: 10c0/635de2c3b11971c07e2d491fd2833d2499bafbab05b616f5d38041031718879c404456644f60c45e9ba4ca2423e5bb48bf3c46179b0c58a0ea68eaae8c61e85f
  languageName: node
  linkType: hard

"@asamuzakjp/nwsapi@npm:^2.3.9":
  version: 2.3.9
  resolution: "@asamuzakjp/nwsapi@npm:2.3.9"
  checksum: 10c0/869b81382e775499c96c45c6dbe0d0766a6da04bcf0abb79f5333535c4e19946851acaa43398f896e2ecc5a1de9cf3db7cf8c4b1afac1ee3d15e21584546d74d
  languageName: node
  linkType: hard

"@csstools/css-calc@npm:^3.0.0, @csstools/css-calc@npm:^3.1.1":
  version: 3.1.1
  resolution: "@csstools/css-calc@npm:3.1.1"
  dependencies:
    "@csstools/css-parser-algorithms": "npm:^4.0.0"
    "@csstools/css-tokenizer": "npm:^4.0.0"
  peerDependencies:
    "@csstools/css-parser-algorithms": "^4.0.0"
    "@csstools/css-tokenizer": "^4.0.0"
  checksum: 10c0/c3f1a33278e85a7ded08de4f3d6eb8f1d0e74cc70c3be43d7e0e28c22a15063e6ee1c16bfb7cae7f20e2ce0daeea59f47b9a7bf39d1e2f2cfab36855b01cc0d
  languageName: node
  linkType: hard

"@csstools/css-color-parser@npm:^4.0.1":
  version: 4.0.1
  resolution: "@csstools/css-color-parser@npm:4.0.1"
  dependencies:
    "@csstools/css-parser-algorithms": "npm:^4.0.0"
    "@csstools/css-tokenizer": "npm:^4.0.0"
    "@csstools/color-helpers": "npm:^5.0.2"
  peerDependencies:
    "@csstools/css-parser-algorithms": "^4.0.0"
    "@csstools/css-tokenizer": "^4.0.0"
  checksum: 10c0/ad40a4ddc74b6f2b521b1fb2e55e88ca2c8f5fbaf0c4dbfe32fa1bd41ef4f6f1d2a26fdf1b4c39e94f9e9f53bcadca0e44b37aab85e2aec073daaa7d1b82e00
  languageName: node
  linkType: hard

"@csstools/css-parser-algorithms@npm:^4.0.0":
  version: 4.0.0
  resolution: "@csstools/css-parser-algorithms@npm:4.0.0"
  peerDependencies:
    "@csstools/css-tokenizer": "^4.0.0"
  checksum: 10c0/ca0e2a4b68aa59da79fc10b93c20e3b6b23ac2e5f0e5e6e08ddcbe0e7fd63e4e1b9c527f396a58a78e93fc13e64720e3ca10e0e3dde81a4efd7b35756d4f39e
  languageName: node
  linkType: hard

"@csstools/css-syntax-patches-for-csstree@npm:^1.0.27":
  version: 1.0.27
  resolution: "@csstools/css-syntax-patches-for-csstree@npm:1.0.27"
  peerDependencies:
    css-tree: ^3.0.0
  checksum: 10c0/2e79f12fc96f48de6a5b5d86def40e636acf6e3e5ec1a50a8f0f38e66d57a7d8ba43c4abbe53c4c5bd1afc26e1b4e0a8d53bebe68b7b97e7e3d9ef0a7bdff02
  languageName: node
  linkType: hard

"@csstools/css-tokenizer@npm:^4.0.0":
  version: 4.0.0
  resolution: "@csstools/css-tokenizer@npm:4.0.0"
  checksum: 10c0/218a8649cbdb0b04fd64c7c5ba28f9e5c0e84c00e04aee6f6f7c3c3b71e8f4e52c02671e58898aac234cb9f7a62c76b1cf0b3d2a9fbefcccb9b2e4c5a3571c4
  languageName: node
  linkType: hard

"@csstools/color-helpers@npm:^5.0.2":
  version: 5.0.2
  resolution: "@csstools/color-helpers@npm:5.0.2"
  checksum: 10c0/e2699de5e8bdf5a04df33aeee32c4d93ee8d7f6b7c9d37e5e6e08d1a2f2c3b8d7c43a2f4e6c8d0e2f4e6d8c0e2f4e6d8c0e2f4e6d8c0e2f4e6d8c0e2f4e6
  languageName: node
  linkType: hard

"@csstools/media-query-list-parser@npm:^5.0.0":
  version: 5.0.0
  resolution: "@csstools/media-query-list-parser@npm:5.0.0"
  peerDependencies:
    "@csstools/css-parser-algorithms": "^4.0.0"
    "@csstools/css-tokenizer": "^4.0.0"
  checksum: 10c0/6d1e3f2a4b8c7e9d0f1a3b5c7e9d0f1a3b5c7e9d0f1a3b5c7e9d0f1a3b5c7e9d0f1a3b5c7e9d0f1a3b5c7e9d0f1a3b5
  languageName: node
  linkType: hard

"@csstools/selector-resolve-nested@npm:^4.0.0":
  version: 4.0.0
  resolution: "@csstools/selector-resolve-nested@npm:4.0.0"
  peerDependencies:
    postcss-selector-parser: "^7.0.0"
  checksum: 10c0/a1b2c3d4e5f6a1b2c3d4e5f6a1b2c3d4e5f6a1b2c3d4e5f6a1b2c3d4e5f6a1b2c3d4e5f6a1b2c3d4e5f6a1b2c3
  languageName: node
  linkType: hard

"@csstools/selector-specificity@npm:^6.0.0":
  version: 6.0.0
  resolution: "@csstools/selector-specificity@npm:6.0.0"
  peerDependencies:
    postcss-selector-parser: "^7.0.0"
  checksum: 10c0/b2c3d4e5f6a7b2c3d4e5f6a7b2c3d4e5f6a7b2c3d4e5f6a7b2c3d4e5f6a7b2c3d4e5f6a7b2c3d4e5f6a7b2c3d4
  languageName: node
  linkType: hard

